
Microsoft Visual Studio Solution File, Format Version 12.00
Project("{FAE04EC0-301F-11D3-BF4B-00C04F79EFBC}") = "NeteaseMusicShuffle", "NeteaseMusicShuffle\NeteaseMusicShuffle.csproj", "{37836C17-AB3C-412A-BED9-F2CD12C9234E}"
EndProject
Project("{FAE04EC0-301F-11D3-BF4B-00C04F79EFBC}") = "JustForFun.Web", "JustForFun.Web\JustForFun.Web.csproj", "{6EC03E2A-7261-48D0-A78A-CB5A4103EA57}"
EndProject
Global
	GlobalSection(SolutionConfigurationPlatforms) = preSolution
		Debug|Any CPU = Debug|Any CPU
		Release|Any CPU = Release|Any CPU
	EndGlobalSection
	GlobalSection(ProjectConfigurationPlatforms) = postSolution
		{37836C17-AB3C-412A-BED9-F2CD12C9234E}.Debug|Any CPU.ActiveCfg = Debug|Any CPU
		{37836C17-AB3C-412A-BED9-F2CD12C9234E}.Debug|Any CPU.Build.0 = Debug|Any CPU
		{37836C17-AB3C-412A-BED9-F2CD12C9234E}.Release|Any CPU.ActiveCfg = Release|Any CPU
		{37836C17-AB3C-412A-BED9-F2CD12C9234E}.Release|Any CPU.Build.0 = Release|Any CPU
		{6EC03E2A-7261-48D0-A78A-CB5A4103EA57}.Debug|Any CPU.ActiveCfg = Debug|Any CPU
		{6EC03E2A-7261-48D0-A78A-CB5A4103EA57}.Debug|Any CPU.Build.0 = Debug|Any CPU
		{6EC03E2A-7261-48D0-A78A-CB5A4103EA57}.Release|Any CPU.ActiveCfg = Release|Any CPU
		{6EC03E2A-7261-48D0-A78A-CB5A4103EA57}.Release|Any CPU.Build.0 = Release|Any CPU
	EndGlobalSection
EndGlobal
